{
  "name": "cursor-rpc-monorepo",
  "version": "1.0.0",
  "lockfileVersion": 3,
  "requires": true,
  "packages": {
    "": {
      "name": "cursor-rpc-monorepo",
      "version": "1.0.0",
      "license": "MIT",
      "workspaces": [
        "packages/*",
        "apps/*"
      ]
    },
    "apps/cursor-rpc-openai-server": {
      "version": "1.0.0",
      "license": "MIT",
      "dependencies": {
        "cursor-rpc": "^1.0.0"
      }
    },
    "node_modules/cursor-rpc": {
      "resolved": "packages/cursor-rpc",
      "link": true
    },
    "node_modules/cursor-rpc-openai-server": {
      "resolved": "apps/cursor-rpc-openai-server",
      "link": true
    },
    "node_modules/cursor-rpc-pi": {
      "resolved": "packages/cursor-rpc-pi",
      "link": true
    },
    "packages/cursor-rpc": {
      "version": "1.0.0",
      "license": "MIT",
      "engines": {
        "node": ">=22"
      }
    },
    "packages/cursor-rpc-pi": {
      "version": "1.0.0",
      "license": "MIT",
      "dependencies": {
        "cursor-rpc": "^1.0.0"
      },
      "engines": {
        "node": ">=22"
      }
    }
  }
}
